PODS:
  - Expecta (0.2.4)
  - objc-ngram (1.0.0)
  - Specta (0.2.1)

DEPENDENCIES:
  - Expecta (~> 0.2.3)
  - objc-ngram (from `objc-ngram.podspec`)
  - Specta (~> 0.2.1)

EXTERNAL SOURCES:
  objc-ngram:
    :path: objc-ngram.podspec

SPEC CHECKSUMS:
  Expecta: 5c147dedfea5fbcf773995f7e65020abcc936ce5
  objc-ngram: 9750dfaaa3036688b6618b5abb718dfd12b706a5
  Specta: 2d06220591110c6d9757d8be8ecf8e63aa40dc2a

COCOAPODS: 0.30.0
